
Microsoft Visual Studio Solution File, Format Version 12.00
# Visual Studio Version 16
VisualStudioVersion = 16.0.31005.135
MinimumVisualStudioVersion = 10.0.40219.1
Project("{FAE04EC0-301F-11D3-BF4B-00C04F79EFBC}") = "VerificaEmailsSES", "VerificaEmaislSES\VerificaEmailsSES.csproj", "{EA488885-A80D-4245-825D-9CF6F0F63A0A}"
EndProject
Global
	GlobalSection(SolutionConfigurationPlatforms) = preSolution
		Debug|Any CPU = Debug|Any CPU
		Release|Any CPU = Release|Any CPU
	EndGlobalSection
	GlobalSection(ProjectConfigurationPlatforms) = postSolution
		{EA488885-A80D-4245-825D-9CF6F0F63A0A}.Debug|Any CPU.ActiveCfg = Debug|Any CPU
		{EA488885-A80D-4245-825D-9CF6F0F63A0A}.Debug|Any CPU.Build.0 = Debug|Any CPU
		{EA488885-A80D-4245-825D-9CF6F0F63A0A}.Release|Any CPU.ActiveCfg = Release|Any CPU
		{EA488885-A80D-4245-825D-9CF6F0F63A0A}.Release|Any CPU.Build.0 = Release|Any CPU
	EndGlobalSection
	GlobalSection(SolutionProperties) = preSolution
		HideSolutionNode = FALSE
	EndGlobalSection
	GlobalSection(ExtensibilityGlobals) = postSolution
		SolutionGuid = {0EC75A69-5091-42FA-AE7D-0D73A9DFF6AF}
	EndGlobalSection
EndGlobal
